
Microsoft Visual Studio Solution File, Format Version 12.00
# Visual Studio Version 17
VisualStudioVersion = 17.5.33516.290
MinimumVisualStudioVersion = 10.0.40219.1
Project("{FAE04EC0-301F-11D3-BF4B-00C04F79EFBC}") = "Repair GRAPHTEC HPGL Code", "Repair GRAPHTEC HPGL Code\Repair GRAPHTEC HPGL Code.csproj", "{CC0F0520-8AA7-44D6-BBD4-8C4F77ACC94C}"
EndProject
Global
	GlobalSection(SolutionConfigurationPlatforms) = preSolution
		Debug|Any CPU = Debug|Any CPU
		Release|Any CPU = Release|Any CPU
	EndGlobalSection
	GlobalSection(ProjectConfigurationPlatforms) = postSolution
		{CC0F0520-8AA7-44D6-BBD4-8C4F77ACC94C}.Debug|Any CPU.ActiveCfg = Debug|Any CPU
		{CC0F0520-8AA7-44D6-BBD4-8C4F77ACC94C}.Debug|Any CPU.Build.0 = Debug|Any CPU
		{CC0F0520-8AA7-44D6-BBD4-8C4F77ACC94C}.Release|Any CPU.ActiveCfg = Release|Any CPU
		{CC0F0520-8AA7-44D6-BBD4-8C4F77ACC94C}.Release|Any CPU.Build.0 = Release|Any CPU
	EndGlobalSection
	GlobalSection(SolutionProperties) = preSolution
		HideSolutionNode = FALSE
	EndGlobalSection
	GlobalSection(ExtensibilityGlobals) = postSolution
		SolutionGuid = {C71393CC-A049-4993-A8C9-D2FEE28BA1C1}
	EndGlobalSection
EndGlobal
